
Microsoft Visual Studio Solution File, Format Version 12.00
# Visual Studio Express 2013 for Windows Desktop
VisualStudioVersion = 12.0.30723.0
MinimumVisualStudioVersion = 10.0.40219.1
Project("{FAE04EC0-301F-11D3-BF4B-00C04F79EFBC}") = "OnePOD", "OnePOD\OnePOD.csproj", "{E2CA9660-E9DA-4F4D-A5E9-73760A22D72A}"
EndProject
Project("{FAE04EC0-301F-11D3-BF4B-00C04F79EFBC}") = "Test", "Test\Test.csproj", "{2C4453AE-3E7D-4D5C-9F71-4B30F99E0F52}"
EndProject
Project("{2150E333-8FDC-42A3-9474-1A3956D46DE8}") = "page", "page", "{BC89CA56-4CDC-4080-81CE-B4DCB19A83E2}"
	ProjectSection(SolutionItems) = preProject
		..\..\..\..\..\..\gitRep\page\onepod.github.io\index.html = ..\..\..\..\..\..\gitRep\page\onepod.github.io\index.html
	EndProjectSection
EndProject
Global
	GlobalSection(SolutionConfigurationPlatforms) = preSolution
		Debug|Any CPU = Debug|Any CPU
		Release|Any CPU = Release|Any CPU
	EndGlobalSection
	GlobalSection(ProjectConfigurationPlatforms) = postSolution
		{E2CA9660-E9DA-4F4D-A5E9-73760A22D72A}.Debug|Any CPU.ActiveCfg = Debug|Any CPU
		{E2CA9660-E9DA-4F4D-A5E9-73760A22D72A}.Debug|Any CPU.Build.0 = Debug|Any CPU
		{E2CA9660-E9DA-4F4D-A5E9-73760A22D72A}.Release|Any CPU.ActiveCfg = Release|Any CPU
		{E2CA9660-E9DA-4F4D-A5E9-73760A22D72A}.Release|Any CPU.Build.0 = Release|Any CPU
		{2C4453AE-3E7D-4D5C-9F71-4B30F99E0F52}.Debug|Any CPU.ActiveCfg = Debug|Any CPU
		{2C4453AE-3E7D-4D5C-9F71-4B30F99E0F52}.Debug|Any CPU.Build.0 = Debug|Any CPU
		{2C4453AE-3E7D-4D5C-9F71-4B30F99E0F52}.Release|Any CPU.ActiveCfg = Release|Any CPU
		{2C4453AE-3E7D-4D5C-9F71-4B30F99E0F52}.Release|Any CPU.Build.0 = Release|Any CPU
	EndGlobalSection
	GlobalSection(SolutionProperties) = preSolution
		HideSolutionNode = FALSE
	EndGlobalSection
EndGlobal
